
Microsoft Visual Studio Solution File, Format Version 12.00
# Visual Studio Version 16
VisualStudioVersion = 16.0.29519.181
MinimumVisualStudioVersion = 10.0.40219.1
Project("{FAE04EC0-301F-11D3-BF4B-00C04F79EFBC}") = "SignToSeminarBackEnd", "SignToSeminarBackEnd\SignToSeminarBackEnd.csproj", "{BC28047C-85F9-4974-A9E6-3A82EF5BF0DC}"
EndProject
Global
	GlobalSection(SolutionConfigurationPlatforms) = preSolution
		Debug|Any CPU = Debug|Any CPU
		Release|Any CPU = Release|Any CPU
	EndGlobalSection
	GlobalSection(ProjectConfigurationPlatforms) = postSolution
		{BC28047C-85F9-4974-A9E6-3A82EF5BF0DC}.Debug|Any CPU.ActiveCfg = Debug|Any CPU
		{BC28047C-85F9-4974-A9E6-3A82EF5BF0DC}.Debug|Any CPU.Build.0 = Debug|Any CPU
		{BC28047C-85F9-4974-A9E6-3A82EF5BF0DC}.Release|Any CPU.ActiveCfg = Release|Any CPU
		{BC28047C-85F9-4974-A9E6-3A82EF5BF0DC}.Release|Any CPU.Build.0 = Release|Any CPU
	EndGlobalSection
	GlobalSection(SolutionProperties) = preSolution
		HideSolutionNode = FALSE
	EndGlobalSection
	GlobalSection(ExtensibilityGlobals) = postSolution
		SolutionGuid = {CD70F679-7C43-4FB0-8C88-D8056BA74818}
	EndGlobalSection
EndGlobal
